
Microsoft Visual Studio Solution File, Format Version 12.00
# Visual Studio 2012
Project("{FAE04EC0-301F-11D3-BF4B-00C04F79EFBC}") = "3 extrasensory", "3 extrasensory\3 extrasensory.csproj", "{C15FCEB5-3E66-4196-A971-A658F8AC17C2}"
EndProject
Global
	GlobalSection(SolutionConfigurationPlatforms) = preSolution
		Debug|Any CPU = Debug|Any CPU
		Release|Any CPU = Release|Any CPU
	EndGlobalSection
	GlobalSection(ProjectConfigurationPlatforms) = postSolution
		{C15FCEB5-3E66-4196-A971-A658F8AC17C2}.Debug|Any CPU.ActiveCfg = Debug|Any CPU
		{C15FCEB5-3E66-4196-A971-A658F8AC17C2}.Debug|Any CPU.Build.0 = Debug|Any CPU
		{C15FCEB5-3E66-4196-A971-A658F8AC17C2}.Release|Any CPU.ActiveCfg = Release|Any CPU
		{C15FCEB5-3E66-4196-A971-A658F8AC17C2}.Release|Any CPU.Build.0 = Release|Any CPU
	EndGlobalSection
	GlobalSection(SolutionProperties) = preSolution
		HideSolutionNode = FALSE
	EndGlobalSection
EndGlobal
