
Microsoft Visual Studio Solution File, Format Version 12.00
# Visual Studio 2012
Project("{FAE04EC0-301F-11D3-BF4B-00C04F79EFBC}") = "7 gangers and rabbits", "7 gangers and rabbits\7 gangers and rabbits.csproj", "{AD634950-D582-4158-B526-14A19B4C44B5}"
EndProject
Global
	GlobalSection(SolutionConfigurationPlatforms) = preSolution
		Debug|Any CPU = Debug|Any CPU
		Release|Any CPU = Release|Any CPU
	EndGlobalSection
	GlobalSection(ProjectConfigurationPlatforms) = postSolution
		{AD634950-D582-4158-B526-14A19B4C44B5}.Debug|Any CPU.ActiveCfg = Debug|Any CPU
		{AD634950-D582-4158-B526-14A19B4C44B5}.Debug|Any CPU.Build.0 = Debug|Any CPU
		{AD634950-D582-4158-B526-14A19B4C44B5}.Release|Any CPU.ActiveCfg = Release|Any CPU
		{AD634950-D582-4158-B526-14A19B4C44B5}.Release|Any CPU.Build.0 = Release|Any CPU
	EndGlobalSection
	GlobalSection(SolutionProperties) = preSolution
		HideSolutionNode = FALSE
	EndGlobalSection
EndGlobal
